// !$*UTF8*$!
{
	archiveVersion = 1;
	classes = {
	};
	objectVersion = 55;
	objects = {

/* Begin PBXBuildFile section */
		A5D2B6EE27BA525100BAFA22 /* AppDelegate.m in Sources */ = {isa = PBXBuildFile; fileRef = A5D2B6ED27BA525100BAFA22 /* AppDelegate.m */; };
		A5D2B6F427BA525100BAFA22 /* ViewController.m in Sources */ = {isa = PBXBuildFile; fileRef = A5D2B6F327BA525100BAFA22 /* ViewController.m */; };
		A5D2B6F727BA525100BAFA22 /* Main.storyboard in Resources */ = {isa = PBXBuildFile; fileRef = A5D2B6F527BA525100BAFA22 /* Main.storyboard */; };
		A5D2B6F927BA525500BAFA22 /* Assets.xcassets in Resources */ = {isa = PBXBuildFile; fileRef = A5D2B6F827BA525500BAFA22 /* Assets.xcassets */; };
		A5D2B6FC27BA525500BAFA22 /* LaunchScreen.storyboard in Resources */ = {isa = PBXBuildFile; fileRef = A5D2B6FA27BA525500BAFA22 /* LaunchScreen.storyboard */; };
		A5D2B6FF27BA525500BAFA22 /* main.m in Sources */ = {isa = PBXBuildFile; fileRef = A5D2B6FE27BA525500BAFA22 /* main.m */; };
		A5D2B70927BA525600BAFA22 /* ______Tests.m in Sources */ = {isa = PBXBuildFile; fileRef = A5D2B70827BA525600BAFA22 /* ______Tests.m */; };
		A5D2B71327BA525600BAFA22 /* ______UITests.m in Sources */ = {isa = PBXBuildFile; fileRef = A5D2B71227BA525600BAFA22 /* ______UITests.m */; };
		A5D2B71527BA525600BAFA22 /* ______UITestsLaunchTests.m in Sources */ = {isa = PBXBuildFile; fileRef = A5D2B71427BA525600BAFA22 /* ______UITestsLaunchTests.m */; };
		A5D2B72227BA57A500BAFA22 /* IQKeyboardManager.framework in Frameworks */ = {isa = PBXBuildFile; fileRef = A5D2B72127BA57A500BAFA22 /* IQKeyboardManager.framework */; };
		A5D2B72427BA57AB00BAFA22 /* Masonry.framework in Frameworks */ = {isa = PBXBuildFile; fileRef = A5D2B72327BA57AB00BAFA22 /* Masonry.framework */; };
/* End PBXBuildFile section */

/* Begin PBXContainerItemProxy section */
		A5D2B70527BA525600BAFA22 /* PBXContainerItemProxy */ = {
			isa = PBXContainerItemProxy;
			containerPortal = A5D2B6E127BA525100BAFA22 /* Project object */;
			proxyType = 1;
			remoteGlobalIDString = A5D2B6E827BA525100BAFA22;
			remoteInfo = "沈化大校园通";
		};
		A5D2B70F27BA525600BAFA22 /* PBXContainerItemProxy */ = {
			isa = PBXContainerItemProxy;
			containerPortal = A5D2B6E127BA525100BAFA22 /* Project object */;
			proxyType = 1;
			remoteGlobalIDString = A5D2B6E827BA525100BAFA22;
			remoteInfo = "沈化大校园通";
		};
/* End PBXContainerItemProxy section */

/* Begin PBXFileReference section */
		42A6454EE1FB3A3303684375 /* Pods-沈化大校园通.debug.xcconfig */ = {isa = PBXFileReference; includeInIndex = 1; lastKnownFileType = text.xcconfig; name = "Pods-沈化大校园通.debug.xcconfig"; path = "Target Support Files/Pods-沈化大校园通/Pods-沈化大校园通.debug.xcconfig"; sourceTree = "<group>"; };
		5B2D2A0FDDABE0C83CC01070 /* Pods_______.framework */ = {isa = PBXFileReference; explicitFileType = wrapper.framework; includeInIndex = 0; path = "Pods_______.framework"; sourceTree = BUILT_PRODUCTS_DIR; };
		8CC690991D88212B1C44E0E4 /* Pods-沈化大校园通.release.xcconfig */ = {isa = PBXFileReference; includeInIndex = 1; lastKnownFileType = text.xcconfig; name = "Pods-沈化大校园通.release.xcconfig"; path = "Target Support Files/Pods-沈化大校园通/Pods-沈化大校园通.release.xcconfig"; sourceTree = "<group>"; };
		A5D2B6E927BA525100BAFA22 /* 沈化大校园通.app */ = {isa = PBXFileReference; explicitFileType = wrapper.application; includeInIndex = 0; path = "沈化大校园通.app"; sourceTree = BUILT_PRODUCTS_DIR; };
		A5D2B6EC27BA525100BAFA22 /* AppDelegate.h */ = {isa = PBXFileReference; lastKnownFileType = sourcecode.c.h; path = AppDelegate.h; sourceTree = "<group>"; };
		A5D2B6ED27BA525100BAFA22 /* AppDelegate.m */ = {isa = PBXFileReference; lastKnownFileType = sourcecode.c.objc; path = AppDelegate.m; sourceTree = "<group>"; };
		A5D2B6F227BA525100BAFA22 /* ViewController.h */ = {isa = PBXFileReference; lastKnownFileType = sourcecode.c.h; path = ViewController.h; sourceTree = "<group>"; };
		A5D2B6F327BA525100BAFA22 /* ViewController.m */ = {isa = PBXFileReference; lastKnownFileType = sourcecode.c.objc; path = ViewController.m; sourceTree = "<group>"; };
		A5D2B6F627BA525100BAFA22 /* Base */ = {isa = PBXFileReference; lastKnownFileType = file.storyboard; name = Base; path = Base.lproj/Main.storyboard; sourceTree = "<group>"; };
		A5D2B6F827BA525500BAFA22 /* Assets.xcassets */ = {isa = PBXFileReference; lastKnownFileType = folder.assetcatalog; path = Assets.xcassets; sourceTree = "<group>"; };
		A5D2B6FB27BA525500BAFA22 /* Base */ = {isa = PBXFileReference; lastKnownFileType = file.storyboard; name = Base; path = Base.lproj/LaunchScreen.storyboard; sourceTree = "<group>"; };
		A5D2B6FD27BA525500BAFA22 /* Info.plist */ = {isa = PBXFileReference; lastKnownFileType = text.plist.xml; path = Info.plist; sourceTree = "<group>"; };
		A5D2B6FE27BA525500BAFA22 /* main.m */ = {isa = PBXFileReference; lastKnownFileType = sourcecode.c.objc; path = main.m; sourceTree = "<group>"; };
		A5D2B70427BA525600BAFA22 /* 沈化大校园通Tests.xctest */ = {isa = PBXFileReference; explicitFileType = wrapper.cfbundle; includeInIndex = 0; path = "沈化大校园通Tests.xctest"; sourceTree = BUILT_PRODUCTS_DIR; };
		A5D2B70827BA525600BAFA22 /* ______Tests.m */ = {isa = PBXFileReference; lastKnownFileType = sourcecode.c.objc; path = "______Tests.m"; sourceTree = "<group>"; };
		A5D2B70E27BA525600BAFA22 /* 沈化大校园通UITests.xctest */ = {isa = PBXFileReference; explicitFileType = wrapper.cfbundle; includeInIndex = 0; path = "沈化大校园通UITests.xctest"; sourceTree = BUILT_PRODUCTS_DIR; };
		A5D2B71227BA525600BAFA22 /* ______UITests.m */ = {isa = PBXFileReference; lastKnownFileType = sourcecode.c.objc; path = "______UITests.m"; sourceTree = "<group>"; };
		A5D2B71427BA525600BAFA22 /* ______UITestsLaunchTests.m */ = {isa = PBXFileReference; lastKnownFileType = sourcecode.c.objc; path = "______UITestsLaunchTests.m"; sourceTree = "<group>"; };
		A5D2B72127BA57A500BAFA22 /* IQKeyboardManager.framework */ = {isa = PBXFileReference; explicitFileType = wrapper.framework; path = IQKeyboardManager.framework; sourceTree = BUILT_PRODUCTS_DIR; };
		A5D2B72327BA57AB00BAFA22 /* Masonry.framework */ = {isa = PBXFileReference; explicitFileType = wrapper.framework; path = Masonry.framework; sourceTree = BUILT_PRODUCTS_DIR; };
/* End PBXFileReference section */

/* Begin PBXFrameworksBuildPhase section */
		A5D2B6E627BA525100BAFA22 /* Frameworks */ = {
			isa = PBXFrameworksBuildPhase;
			buildActionMask = 2147483647;
			files = (
				A5D2B72427BA57AB00BAFA22 /* Masonry.framework in Frameworks */,
				A5D2B72227BA57A500BAFA22 /* IQKeyboardManager.framework in Frameworks */,
			);
			runOnlyForDeploymentPostprocessing = 0;
		};
		A5D2B70127BA525600BAFA22 /* Frameworks */ = {
			isa = PBXFrameworksBuildPhase;
			buildActionMask = 2147483647;
			files = (
			);
			runOnlyForDeploymentPostprocessing = 0;
		};
		A5D2B70B27BA525600BAFA22 /* Frameworks */ = {
			isa = PBXFrameworksBuildPhase;
			buildActionMask = 2147483647;
			files = (
			);
			runOnlyForDeploymentPostprocessing = 0;
		};
/* End PBXFrameworksBuildPhase section */

/* Begin PBXGroup section */
		352141E7FA770885F4B581A2 /* Frameworks */ = {
			isa = PBXGroup;
			children = (
				A5D2B72327BA57AB00BAFA22 /* Masonry.framework */,
				A5D2B72127BA57A500BAFA22 /* IQKeyboardManager.framework */,
				5B2D2A0FDDABE0C83CC01070 /* Pods_______.framework */,
			);
			name = Frameworks;
			sourceTree = "<group>";
		};
		A5D2B6E027BA525100BAFA22 = {
			isa = PBXGroup;
			children = (
				A5D2B6EB27BA525100BAFA22 /* 沈化大校园通 */,
				A5D2B70727BA525600BAFA22 /* 沈化大校园通Tests */,
				A5D2B71127BA525600BAFA22 /* 沈化大校园通UITests */,
				A5D2B6EA27BA525100BAFA22 /* Products */,
				FC4D9688CD247506F7E30C57 /* Pods */,
				352141E7FA770885F4B581A2 /* Frameworks */,
			);
			sourceTree = "<group>";
		};
		A5D2B6EA27BA525100BAFA22 /* Products */ = {
			isa = PBXGroup;
			children = (
				A5D2B6E927BA525100BAFA22 /* 沈化大校园通.app */,
				A5D2B70427BA525600BAFA22 /* 沈化大校园通Tests.xctest */,
				A5D2B70E27BA525600BAFA22 /* 沈化大校园通UITests.xctest */,
			);
			name = Products;
			sourceTree = "<group>";
		};
		A5D2B6EB27BA525100BAFA22 /* 沈化大校园通 */ = {
			isa = PBXGroup;
			children = (
				A5D2B6EC27BA525100BAFA22 /* AppDelegate.h */,
				A5D2B6ED27BA525100BAFA22 /* AppDelegate.m */,
				A5D2B6F227BA525100BAFA22 /* ViewController.h */,
				A5D2B6F327BA525100BAFA22 /* ViewController.m */,
				A5D2B6F527BA525100BAFA22 /* Main.storyboard */,
				A5D2B6F827BA525500BAFA22 /* Assets.xcassets */,
				A5D2B6FA27BA525500BAFA22 /* LaunchScreen.storyboard */,
				A5D2B6FD27BA525500BAFA22 /* Info.plist */,
				A5D2B6FE27BA525500BAFA22 /* main.m */,
			);
			path = "沈化大校园通";
			sourceTree = "<group>";
		};
		A5D2B70727BA525600BAFA22 /* 沈化大校园通Tests */ = {
			isa = PBXGroup;
			children = (
				A5D2B70827BA525600BAFA22 /* ______Tests.m */,
			);
			path = "沈化大校园通Tests";
			sourceTree = "<group>";
		};
		A5D2B71127BA525600BAFA22 /* 沈化大校园通UITests */ = {
			isa = PBXGroup;
			children = (
				A5D2B71227BA525600BAFA22 /* ______UITests.m */,
				A5D2B71427BA525600BAFA22 /* ______UITestsLaunchTests.m */,
			);
			path = "沈化大校园通UITests";
			sourceTree = "<group>";
		};
		FC4D9688CD247506F7E30C57 /* Pods */ = {
			isa = PBXGroup;
			children = (
				42A6454EE1FB3A3303684375 /* Pods-沈化大校园通.debug.xcconfig */,
				8CC690991D88212B1C44E0E4 /* Pods-沈化大校园通.release.xcconfig */,
			);
			path = Pods;
			sourceTree = "<group>";
		};
/* End PBXGroup section */

/* Begin PBXNativeTarget section */
		A5D2B6E827BA525100BAFA22 /* 沈化大校园通 */ = {
			isa = PBXNativeTarget;
			buildConfigurationList = A5D2B71827BA525600BAFA22 /* Build configuration list for PBXNativeTarget "沈化大校园通" */;
			buildPhases = (
				2C0F384EF94FB3AEB658667B /* [CP] Check Pods Manifest.lock */,
				A5D2B6E527BA525100BAFA22 /* Sources */,
				A5D2B6E627BA525100BAFA22 /* Frameworks */,
				A5D2B6E727BA525100BAFA22 /* Resources */,
				5177DC53F8B2373CAE6FA88A /* [CP] Embed Pods Frameworks */,
			);
			buildRules = (
			);
			dependencies = (
			);
			name = "沈化大校园通";
			productName = "沈化大校园通";
			productReference = A5D2B6E927BA525100BAFA22 /* 沈化大校园通.app */;
			productType = "com.apple.product-type.application";
		};
		A5D2B70327BA525600BAFA22 /* 沈化大校园通Tests */ = {
			isa = PBXNativeTarget;
			buildConfigurationList = A5D2B71B27BA525600BAFA22 /* Build configuration list for PBXNativeTarget "沈化大校园通Tests" */;
			buildPhases = (
				A5D2B70027BA525600BAFA22 /* Sources */,
				A5D2B70127BA525600BAFA22 /* Frameworks */,
				A5D2B70227BA525600BAFA22 /* Resources */,
			);
			buildRules = (
			);
			dependencies = (
				A5D2B70627BA525600BAFA22 /* PBXTargetDependency */,
			);
			name = "沈化大校园通Tests";
			productName = "沈化大校园通Tests";
			productReference = A5D2B70427BA525600BAFA22 /* 沈化大校园通Tests.xctest */;
			productType = "com.apple.product-type.bundle.unit-test";
		};
		A5D2B70D27BA525600BAFA22 /* 沈化大校园通UITests */ = {
			isa = PBXNativeTarget;
			buildConfigurationList = A5D2B71E27BA525600BAFA22 /* Build configuration list for PBXNativeTarget "沈化大校园通UITests" */;
			buildPhases = (
				A5D2B70A27BA525600BAFA22 /* Sources */,
				A5D2B70B27BA525600BAFA22 /* Frameworks */,
				A5D2B70C27BA525600BAFA22 /* Resources */,
			);
			buildRules = (
			);
			dependencies = (
				A5D2B71027BA525600BAFA22 /* PBXTargetDependency */,
			);
			name = "沈化大校园通UITests";
			productName = "沈化大校园通UITests";
			productReference = A5D2B70E27BA525600BAFA22 /* 沈化大校园通UITests.xctest */;
			productType = "com.apple.product-type.bundle.ui-testing";
		};
/* End PBXNativeTarget section */

/* Begin PBXProject section */
		A5D2B6E127BA525100BAFA22 /* Project object */ = {
			isa = PBXProject;
			attributes = {
				BuildIndependentTargetsInParallel = 1;
				LastUpgradeCheck = 1320;
				TargetAttributes = {
					A5D2B6E827BA525100BAFA22 = {
						CreatedOnToolsVersion = 13.2.1;
					};
					A5D2B70327BA525600BAFA22 = {
						CreatedOnToolsVersion = 13.2.1;
						TestTargetID = A5D2B6E827BA525100BAFA22;
					};
					A5D2B70D27BA525600BAFA22 = {
						CreatedOnToolsVersion = 13.2.1;
						TestTargetID = A5D2B6E827BA525100BAFA22;
					};
				};
			};
			buildConfigurationList = A5D2B6E427BA525100BAFA22 /* Build configuration list for PBXProject "沈化大校园通" */;
			compatibilityVersion = "Xcode 13.0";
			developmentRegion = en;
			hasScannedForEncodings = 0;
			knownRegions = (
				en,
				Base,
			);
			mainGroup = A5D2B6E027BA525100BAFA22;
			productRefGroup = A5D2B6EA27BA525100BAFA22 /* Products */;
			projectDirPath = "";
			projectRoot = "";
			targets = (
				A5D2B6E827BA525100BAFA22 /* 沈化大校园通 */,
				A5D2B70327BA525600BAFA22 /* 沈化大校园通Tests */,
				A5D2B70D27BA525600BAFA22 /* 沈化大校园通UITests */,
			);
		};
/* End PBXProject section */

/* Begin PBXResourcesBuildPhase section */
		A5D2B6E727BA525100BAFA22 /* Resources */ = {
			isa = PBXResourcesBuildPhase;
			buildActionMask = 2147483647;
			files = (
				A5D2B6FC27BA525500BAFA22 /* LaunchScreen.storyboard in Resources */,
				A5D2B6F927BA525500BAFA22 /* Assets.xcassets in Resources */,
				A5D2B6F727BA525100BAFA22 /* Main.storyboard in Resources */,
			);
			runOnlyForDeploymentPostprocessing = 0;
		};
		A5D2B70227BA525600BAFA22 /* Resources */ = {
			isa = PBXResourcesBuildPhase;
			buildActionMask = 2147483647;
			files = (
			);
			runOnlyForDeploymentPostprocessing = 0;
		};
		A5D2B70C27BA525600BAFA22 /* Resources */ = {
			isa = PBXResourcesBuildPhase;
			buildActionMask = 2147483647;
			files = (
			);
			runOnlyForDeploymentPostprocessing = 0;
		};
/* End PBXResourcesBuildPhase section */

/* Begin PBXShellScriptBuildPhase section */
		2C0F384EF94FB3AEB658667B /* [CP] Check Pods Manifest.lock */ = {
			isa = PBXShellScriptBuildPhase;
			buildActionMask = 2147483647;
			files = (
			);
			inputFileListPaths = (
			);
			inputPaths = (
				"${PODS_PODFILE_DIR_PATH}/Podfile.lock",
				"${PODS_ROOT}/Manifest.lock",
			);
			name = "[CP] Check Pods Manifest.lock";
			outputFileListPaths = (
			);
			outputPaths = (
				"$(DERIVED_FILE_DIR)/Pods-沈化大校园通-checkManifestLockResult.txt",
			);
			runOnlyForDeploymentPostprocessing = 0;
			shellPath = /bin/sh;
			shellScript = "diff \"${PODS_PODFILE_DIR_PATH}/Podfile.lock\" \"${PODS_ROOT}/Manifest.lock\" > /dev/null\nif [ $? != 0 ] ; then\n    # print error to STDERR\n    echo \"error: The sandbox is not in sync with the Podfile.lock. Run 'pod install' or update your CocoaPods installation.\" >&2\n    exit 1\nfi\n# This output is used by Xcode 'outputs' to avoid re-running this script phase.\necho \"SUCCESS\" > \"${SCRIPT_OUTPUT_FILE_0}\"\n";
			showEnvVarsInLog = 0;
		};
		5177DC53F8B2373CAE6FA88A /* [CP] Embed Pods Frameworks */ = {
			isa = PBXShellScriptBuildPhase;
			buildActionMask = 2147483647;
			files = (
			);
			inputFileListPaths = (
				"${PODS_ROOT}/Target Support Files/Pods-沈化大校园通/Pods-沈化大校园通-frameworks-${CONFIGURATION}-input-files.xcfilelist",
			);
			name = "[CP] Embed Pods Frameworks";
			outputFileListPaths = (
				"${PODS_ROOT}/Target Support Files/Pods-沈化大校园通/Pods-沈化大校园通-frameworks-${CONFIGURATION}-output-files.xcfilelist",
			);
			runOnlyForDeploymentPostprocessing = 0;
			shellPath = /bin/sh;
			shellScript = "\"${PODS_ROOT}/Target Support Files/Pods-沈化大校园通/Pods-沈化大校园通-frameworks.sh\"\n";
			showEnvVarsInLog = 0;
		};
/* End PBXShellScriptBuildPhase section */

/* Begin PBXSourcesBuildPhase section */
		A5D2B6E527BA525100BAFA22 /* Sources */ = {
			isa = PBXSourcesBuildPhase;
			buildActionMask = 2147483647;
			files = (
				A5D2B6F427BA525100BAFA22 /* ViewController.m in Sources */,
				A5D2B6EE27BA525100BAFA22 /* AppDelegate.m in Sources */,
				A5D2B6FF27BA525500BAFA22 /* main.m in Sources */,
			);
			runOnlyForDeploymentPostprocessing = 0;
		};
		A5D2B70027BA525600BAFA22 /* Sources */ = {
			isa = PBXSourcesBuildPhase;
			buildActionMask = 2147483647;
			files = (
				A5D2B70927BA525600BAFA22 /* ______Tests.m in Sources */,
			);
			runOnlyForDeploymentPostprocessing = 0;
		};
		A5D2B70A27BA525600BAFA22 /* Sources */ = {
			isa = PBXSourcesBuildPhase;
			buildActionMask = 2147483647;
			files = (
				A5D2B71527BA525600BAFA22 /* ______UITestsLaunchTests.m in Sources */,
				A5D2B71327BA525600BAFA22 /* ______UITests.m in Sources */,
			);
			runOnlyForDeploymentPostprocessing = 0;
		};
/* End PBXSourcesBuildPhase section */

/* Begin PBXTargetDependency section */
		A5D2B70627BA525600BAFA22 /* PBXTargetDependency */ = {
			isa = PBXTargetDependency;
			target = A5D2B6E827BA525100BAFA22 /* 沈化大校园通 */;
			targetProxy = A5D2B70527BA525600BAFA22 /* PBXContainerItemProxy */;
		};
		A5D2B71027BA525600BAFA22 /* PBXTargetDependency */ = {
			isa = PBXTargetDependency;
			target = A5D2B6E827BA525100BAFA22 /* 沈化大校园通 */;
			targetProxy = A5D2B70F27BA525600BAFA22 /* PBXContainerItemProxy */;
		};
/* End PBXTargetDependency section */

/* Begin PBXVariantGroup section */
		A5D2B6F527BA525100BAFA22 /* Main.storyboard */ = {
			isa = PBXVariantGroup;
			children = (
				A5D2B6F627BA525100BAFA22 /* Base */,
			);
			name = Main.storyboard;
			sourceTree = "<group>";
		};
		A5D2B6FA27BA525500BAFA22 /* LaunchScreen.storyboard */ = {
			isa = PBXVariantGroup;
			children = (
				A5D2B6FB27BA525500BAFA22 /* Base */,
			);
			name = LaunchScreen.storyboard;
			sourceTree = "<group>";
		};
/* End PBXVariantGroup section */

/* Begin XCBuildConfiguration section */
		A5D2B71627BA525600BAFA22 /* Debug */ = {
			isa = XCBuildConfiguration;
			buildSettings = {
				ALWAYS_SEARCH_USER_PATHS = NO;
				CLANG_ANALYZER_NONNULL = YES;
				CLANG_ANALYZER_NUMBER_OBJECT_CONVERSION = YES_AGGRESSIVE;
				CLANG_CXX_LANGUAGE_STANDARD = "gnu++17";
				CLANG_CXX_LIBRARY = "libc++";
				CLANG_ENABLE_MODULES = YES;
				CLANG_ENABLE_OBJC_ARC = YES;
				CLANG_ENABLE_OBJC_WEAK = YES;
				CLANG_WARN_BLOCK_CAPTURE_AUTORELEASING = YES;
				CLANG_WARN_BOOL_CONVERSION = YES;
				CLANG_WARN_COMMA = YES;
				CLANG_WARN_CONSTANT_CONVERSION = YES;
				CLANG_WARN_DEPRECATED_OBJC_IMPLEMENTATIONS = YES;
				CLANG_WARN_DIRECT_OBJC_ISA_USAGE = YES_ERROR;
				CLANG_WARN_DOCUMENTATION_COMMENTS = YES;
				CLANG_WARN_EMPTY_BODY = YES;
				CLANG_WARN_ENUM_CONVERSION = YES;
				CLANG_WARN_INFINITE_RECURSION = YES;
				CLANG_WARN_INT_CONVERSION = YES;
				CLANG_WARN_NON_LITERAL_NULL_CONVERSION = YES;
				CLANG_WARN_OBJC_IMPLICIT_RETAIN_SELF = YES;
				CLANG_WARN_OBJC_LITERAL_CONVERSION = YES;
				CLANG_WARN_OBJC_ROOT_CLASS = YES_ERROR;
				CLANG_WARN_QUOTED_INCLUDE_IN_FRAMEWORK_HEADER = YES;
				CLANG_WARN_RANGE_LOOP_ANALYSIS = YES;
				CLANG_WARN_STRICT_PROTOTYPES = YES;
				CLANG_WARN_SUSPICIOUS_MOVE = YES;
				CLANG_WARN_UNGUARDED_AVAILABILITY = YES_AGGRESSIVE;
				CLANG_WARN_UNREACHABLE_CODE = YES;
				CLANG_WARN__DUPLICATE_METHOD_MATCH = YES;
				COPY_PHASE_STRIP = NO;
				DEBUG_INFORMATION_FORMAT = dwarf;
				ENABLE_STRICT_OBJC_MSGSEND = YES;
				ENABLE_TESTABILITY = YES;
				GCC_C_LANGUAGE_STANDARD = gnu11;
				GCC_DYNAMIC_NO_PIC = NO;
				GCC_NO_COMMON_BLOCKS = YES;
				GCC_OPTIMIZATION_LEVEL = 0;
				GCC_PREPROCESSOR_DEFINITIONS = (
					"DEBUG=1",
					"$(inherited)",
				);
				GCC_WARN_64_TO_32_BIT_CONVERSION = YES;
				GCC_WARN_ABOUT_RETURN_TYPE = YES_ERROR;
				GCC_WARN_UNDECLARED_SELECTOR = YES;
				GCC_WARN_UNINITIALIZED_AUTOS = YES_AGGRESSIVE;
				GCC_WARN_UNUSED_FUNCTION = YES;
				GCC_WARN_UNUSED_VARIABLE = YES;
				IPHONEOS_DEPLOYMENT_TARGET = 15.2;
				MTL_ENABLE_DEBUG_INFO = INCLUDE_SOURCE;
				MTL_FAST_MATH = YES;
				ONLY_ACTIVE_ARCH = YES;
				SDKROOT = iphoneos;
			};
			name = Debug;
		};
		A5D2B71727BA525600BAFA22 /* Release */ = {
			isa = XCBuildConfiguration;
			buildSettings = {
				ALWAYS_SEARCH_USER_PATHS = NO;
				CLANG_ANALYZER_NONNULL = YES;
				CLANG_ANALYZER_NUMBER_OBJECT_CONVERSION = YES_AGGRESSIVE;
				CLANG_CXX_LANGUAGE_STANDARD = "gnu++17";
				CLANG_CXX_LIBRARY = "libc++";
				CLANG_ENABLE_MODULES = YES;
				CLANG_ENABLE_OBJC_ARC = YES;
				CLANG_ENABLE_OBJC_WEAK = YES;
				CLANG_WARN_BLOCK_CAPTURE_AUTORELEASING = YES;
				CLANG_WARN_BOOL_CONVERSION = YES;
				CLANG_WARN_COMMA = YES;
				CLANG_WARN_CONSTANT_CONVERSION = YES;
				CLANG_WARN_DEPRECATED_OBJC_IMPLEMENTATIONS = YES;
				CLANG_WARN_DIRECT_OBJC_ISA_USAGE = YES_ERROR;
				CLANG_WARN_DOCUMENTATION_COMMENTS = YES;
				CLANG_WARN_EMPTY_BODY = YES;
				CLANG_WARN_ENUM_CONVERSION = YES;
				CLANG_WARN_INFINITE_RECURSION = YES;
				CLANG_WARN_INT_CONVERSION = YES;
				CLANG_WARN_NON_LITERAL_NULL_CONVERSION = YES;
				CLANG_WARN_OBJC_IMPLICIT_RETAIN_SELF = YES;
				CLANG_WARN_OBJC_LITERAL_CONVERSION = YES;
				CLANG_WARN_OBJC_ROOT_CLASS = YES_ERROR;
				CLANG_WARN_QUOTED_INCLUDE_IN_FRAMEWORK_HEADER = YES;
				CLANG_WARN_RANGE_LOOP_ANALYSIS = YES;
				CLANG_WARN_STRICT_PROTOTYPES = YES;
				CLANG_WARN_SUSPICIOUS_MOVE = YES;
				CLANG_WARN_UNGUARDED_AVAILABILITY = YES_AGGRESSIVE;
				CLANG_WARN_UNREACHABLE_CODE = YES;
				CLANG_WARN__DUPLICATE_METHOD_MATCH = YES;
				COPY_PHASE_STRIP = NO;
				DEBUG_INFORMATION_FORMAT = "dwarf-with-dsym";
				ENABLE_NS_ASSERTIONS = NO;
				ENABLE_STRICT_OBJC_MSGSEND = YES;
				GCC_C_LANGUAGE_STANDARD = gnu11;
				GCC_NO_COMMON_BLOCKS = YES;
				GCC_WARN_64_TO_32_BIT_CONVERSION = YES;
				GCC_WARN_ABOUT_RETURN_TYPE = YES_ERROR;
				GCC_WARN_UNDECLARED_SELECTOR = YES;
				GCC_WARN_UNINITIALIZED_AUTOS = YES_AGGRESSIVE;
				GCC_WARN_UNUSED_FUNCTION = YES;
				GCC_WARN_UNUSED_VARIABLE = YES;
				IPHONEOS_DEPLOYMENT_TARGET = 15.2;
				MTL_ENABLE_DEBUG_INFO = NO;
				MTL_FAST_MATH = YES;
				SDKROOT = iphoneos;
				VALIDATE_PRODUCT = YES;
			};
			name = Release;
		};
		A5D2B71927BA525600BAFA22 /* Debug */ = {
			isa = XCBuildConfiguration;
			baseConfigurationReference = 42A6454EE1FB3A3303684375 /* Pods-沈化大校园通.debug.xcconfig */;
			buildSettings = {
				ASSETCATALOG_COMPILER_APPICON_NAME = AppIcon;
				ASSETCATALOG_COMPILER_GLOBAL_ACCENT_COLOR_NAME = AccentColor;
				CODE_SIGN_STYLE = Automatic;
				CURRENT_PROJECT_VERSION = 1;
				GENERATE_INFOPLIST_FILE = YES;
				INFOPLIST_FILE = "沈化大校园通/Info.plist";
				INFOPLIST_KEY_UIApplicationSupportsIndirectInputEvents = YES;
				INFOPLIST_KEY_UILaunchStoryboardName = LaunchScreen;
				INFOPLIST_KEY_UISupportedInterfaceOrientations_iPad = "UIInterfaceOrientationPortrait UIInterfaceOrientationPortraitUpsideDown UIInterfaceOrientationLandscapeLeft UIInterfaceOrientationLandscapeRight";
				INFOPLIST_KEY_UISupportedInterfaceOrientations_iPhone = "UIInterfaceOrientationPortrait UIInterfaceOrientationLandscapeLeft UIInterfaceOrientationLandscapeRight";
				LD_RUNPATH_SEARCH_PATHS = (
					"$(inherited)",
					"@executable_path/Frameworks",
				);
				MARKETING_VERSION = 1.0;
				PRODUCT_BUNDLE_IDENTIFIER = "SYUCT.------";
				PRODUCT_NAME = "$(TARGET_NAME)";
				SWIFT_EMIT_LOC_STRINGS = YES;
				TARGETED_DEVICE_FAMILY = "1,2";
			};
			name = Debug;
		};
		A5D2B71A27BA525600BAFA22 /* Release */ = {
			isa = XCBuildConfiguration;
			baseConfigurationReference = 8CC690991D88212B1C44E0E4 /* Pods-沈化大校园通.release.xcconfig */;
			buildSettings = {
				ASSETCATALOG_COMPILER_APPICON_NAME = AppIcon;
				ASSETCATALOG_COMPILER_GLOBAL_ACCENT_COLOR_NAME = AccentColor;
				CODE_SIGN_STYLE = Automatic;
				CURRENT_PROJECT_VERSION = 1;
				GENERATE_INFOPLIST_FILE = YES;
				INFOPLIST_FILE = "沈化大校园通/Info.plist";
				INFOPLIST_KEY_UIApplicationSupportsIndirectInputEvents = YES;
				INFOPLIST_KEY_UILaunchStoryboardName = LaunchScreen;
				INFOPLIST_KEY_UISupportedInterfaceOrientations_iPad = "UIInterfaceOrientationPortrait UIInterfaceOrientationPortraitUpsideDown UIInterfaceOrientationLandscapeLeft UIInterfaceOrientationLandscapeRight";
				INFOPLIST_KEY_UISupportedInterfaceOrientations_iPhone = "UIInterfaceOrientationPortrait UIInterfaceOrientationLandscapeLeft UIInterfaceOrientationLandscapeRight";
				LD_RUNPATH_SEARCH_PATHS = (
					"$(inherited)",
					"@executable_path/Frameworks",
				);
				MARKETING_VERSION = 1.0;
				PRODUCT_BUNDLE_IDENTIFIER = "SYUCT.------";
				PRODUCT_NAME = "$(TARGET_NAME)";
				SWIFT_EMIT_LOC_STRINGS = YES;
				TARGETED_DEVICE_FAMILY = "1,2";
			};
			name = Release;
		};
		A5D2B71C27BA525600BAFA22 /* Debug */ = {
			isa = XCBuildConfiguration;
			buildSettings = {
				BUNDLE_LOADER = "$(TEST_HOST)";
				CODE_SIGN_STYLE = Automatic;
				CURRENT_PROJECT_VERSION = 1;
				GENERATE_INFOPLIST_FILE = YES;
				IPHONEOS_DEPLOYMENT_TARGET = 15.2;
				MARKETING_VERSION = 1.0;
				PRODUCT_BUNDLE_IDENTIFIER = "SYUCT.------Tests";
				PRODUCT_NAME = "$(TARGET_NAME)";
				SWIFT_EMIT_LOC_STRINGS = NO;
				TARGETED_DEVICE_FAMILY = "1,2";
				TEST_HOST = "$(BUILT_PRODUCTS_DIR)/沈化大校园通.app/沈化大校园通";
			};
			name = Debug;
		};
		A5D2B71D27BA525600BAFA22 /* Release */ = {
			isa = XCBuildConfiguration;
			buildSettings = {
				BUNDLE_LOADER = "$(TEST_HOST)";
				CODE_SIGN_STYLE = Automatic;
				CURRENT_PROJECT_VERSION = 1;
				GENERATE_INFOPLIST_FILE = YES;
				IPHONEOS_DEPLOYMENT_TARGET = 15.2;
				MARKETING_VERSION = 1.0;
				PRODUCT_BUNDLE_IDENTIFIER = "SYUCT.------Tests";
				PRODUCT_NAME = "$(TARGET_NAME)";
				SWIFT_EMIT_LOC_STRINGS = NO;
				TARGETED_DEVICE_FAMILY = "1,2";
				TEST_HOST = "$(BUILT_PRODUCTS_DIR)/沈化大校园通.app/沈化大校园通";
			};
			name = Release;
		};
		A5D2B71F27BA525600BAFA22 /* Debug */ = {
			isa = XCBuildConfiguration;
			buildSettings = {
				CODE_SIGN_STYLE = Automatic;
				CURRENT_PROJECT_VERSION = 1;
				GENERATE_INFOPLIST_FILE = YES;
				MARKETING_VERSION = 1.0;
				PRODUCT_BUNDLE_IDENTIFIER = "SYUCT.------UITests";
				PRODUCT_NAME = "$(TARGET_NAME)";
				SWIFT_EMIT_LOC_STRINGS = NO;
				TARGETED_DEVICE_FAMILY = "1,2";
				TEST_TARGET_NAME = "沈化大校园通";
			};
			name = Debug;
		};
		A5D2B72027BA525600BAFA22 /* Release */ = {
			isa = XCBuildConfiguration;
			buildSettings = {
				CODE_SIGN_STYLE = Automatic;
				CURRENT_PROJECT_VERSION = 1;
				GENERATE_INFOPLIST_FILE = YES;
				MARKETING_VERSION = 1.0;
				PRODUCT_BUNDLE_IDENTIFIER = "SYUCT.------UITests";
				PRODUCT_NAME = "$(TARGET_NAME)";
				SWIFT_EMIT_LOC_STRINGS = NO;
				TARGETED_DEVICE_FAMILY = "1,2";
				TEST_TARGET_NAME = "沈化大校园通";
			};
			name = Release;
		};
/* End XCBuildConfiguration section */

/* Begin XCConfigurationList section */
		A5D2B6E427BA525100BAFA22 /* Build configuration list for PBXProject "沈化大校园通" */ = {
			isa = XCConfigurationList;
			buildConfigurations = (
				A5D2B71627BA525600BAFA22 /* Debug */,
				A5D2B71727BA525600BAFA22 /* Release */,
			);
			defaultConfigurationIsVisible = 0;
			defaultConfigurationName = Release;
		};
		A5D2B71827BA525600BAFA22 /* Build configuration list for PBXNativeTarget "沈化大校园通" */ = {
			isa = XCConfigurationList;
			buildConfigurations = (
				A5D2B71927BA525600BAFA22 /* Debug */,
				A5D2B71A27BA525600BAFA22 /* Release */,
			);
			defaultConfigurationIsVisible = 0;
			defaultConfigurationName = Release;
		};
		A5D2B71B27BA525600BAFA22 /* Build configuration list for PBXNativeTarget "沈化大校园通Tests" */ = {
			isa = XCConfigurationList;
			buildConfigurations = (
				A5D2B71C27BA525600BAFA22 /* Debug */,
				A5D2B71D27BA525600BAFA22 /* Release */,
			);
			defaultConfigurationIsVisible = 0;
			defaultConfigurationName = Release;
		};
		A5D2B71E27BA525600BAFA22 /* Build configuration list for PBXNativeTarget "沈化大校园通UITests" */ = {
			isa = XCConfigurationList;
			buildConfigurations = (
				A5D2B71F27BA525600BAFA22 /* Debug */,
				A5D2B72027BA525600BAFA22 /* Release */,
			);
			defaultConfigurationIsVisible = 0;
			defaultConfigurationName = Release;
		};
/* End XCConfigurationList section */
	};
	rootObject = A5D2B6E127BA525100BAFA22 /* Project object */;
}
